<?xml version="1.0" encoding="utf-8"?>
<Project ToolsVersion="16.0" xmlns="http://schemas.microsoft.com/developer/msbuild/2003">
  <ItemGroup>
    <CustomBuild Include="C:\Users\localhost\Documents\GitHub\llvm-project\build\CMakeFiles\3f20a402929ef51769da4254a3bc27ec\VCSRevision.h.rule">
      <Filter>CMake Rules</Filter>
    </CustomBuild>
    <CustomBuild Include="C:\Users\localhost\Documents\GitHub\llvm-project\build\CMakeFiles\8fdbd93a9240884cd56a3352a74f6cd3\llvm_vcsrevision_h.rule">
      <Filter>CMake Rules</Filter>
    </CustomBuild>
    <CustomBuild Include="C:\Users\localhost\Documents\GitHub\llvm-project\llvm\include\llvm\Support\CMakeLists.txt" />
  </ItemGroup>
  <ItemGroup>
    <None Include="C:\Users\localhost\Documents\GitHub\llvm-project\build\include\llvm\Support\CMakeFiles\llvm_vcsrevision_h" />
  </ItemGroup>
  <ItemGroup>
    <Filter Include="CMake Rules">
      <UniqueIdentifier>{2E7FBF14-EFCA-3778-A0D2-584FD1C3D94C}</UniqueIdentifier>
    </Filter>
  </ItemGroup>
</Project>
